{
  "version": 4,
  "terraform_version": "1.5.6",
  "serial": 4,
  "lineage": "cb0e1e1f-755c-ba8e-ba6e-0603728613a4",
  "outputs": {},
  "resources": [
    {
      "mode": "managed",
      "type": "local_file",
      "name": "assignment",
      "provider": "provider[\"registry.terraform.io/hashicorp/local\"]",
      "instances": [
        {
          "schema_version": 0,
          "attributes": {
            "content": "Argument 1: 1\nArgument 2: 2\nArgument 3: true",
            "content_base64": null,
            "content_base64sha256": "EHNkw0kxnohsX6XCh7ufQ08PZwUuE/dzIzsiiDfpMrw=",
            "content_base64sha512": "LJBasmMD4Tz0SWOtS0C26R73BIZnKW35lDEmEsIlbemQ5EqQrHWJDLxlYhAqiwn0ecDz+dvv7aTHqgrufmsHow==",
            "content_md5": "5564f365d0c0c9f427d90f2424f9bb1d",
            "content_sha1": "4db647a4a8cb44c25b00b17521b88d959b8c8e24",
            "content_sha256": "107364c349319e886c5fa5c287bb9f434f0f67052e13f773233b228837e932bc",
            "content_sha512": "2c905ab26303e13cf44963ad4b40b6e91ef7048667296df994312612c2256de990e44a90ac75890cbc6562102a8b09f479c0f3f9dbefeda4c7aa0aee7e6b07a3",
            "directory_permission": "0777",
            "file_permission": "0777",
            "filename": "output.txt",
            "id": "4db647a4a8cb44c25b00b17521b88d959b8c8e24",
            "sensitive_content": null,
            "source": null
          },
          "sensitive_attributes": []
        }
      ]
    }
  ],
  "check_results": null
}
