{
  "version": 4,
  "terraform_version": "1.5.6",
  "serial": 1,
  "lineage": "cb0e1e1f-755c-ba8e-ba6e-0603728613a4",
  "outputs": {},
  "resources": [
    {
      "mode": "managed",
      "type": "local_file",
      "name": "assignment",
      "provider": "provider[\"registry.terraform.io/hashicorp/local\"]",
      "instances": [
        {
          "schema_version": 0,
          "attributes": {
            "content": "Argument 1: 1\nArgument 2: 2\n Argument 3: true",
            "content_base64": null,
            "content_base64sha256": "Ue6uls6mYvMPZ5kxCqr/gmbxLgK/UAjjhvy6roJsE3Y=",
            "content_base64sha512": "BqpXoVxMdp2PgnBtKTn8vwMWptFTE9Vmhyasq1ax0hjnavo32S1FEjpoEvvdUls/uKfXJ5rM3uyahqC6s/QYPA==",
            "content_md5": "5d29847070952e523526ce05196d560d",
            "content_sha1": "ebf57bd5668c12b97d197eefe65631f554664877",
            "content_sha256": "51eeae96cea662f30f6799310aaaff8266f12e02bf5008e386fcbaae826c1376",
            "content_sha512": "06aa57a15c4c769d8f82706d2939fcbf0316a6d15313d5668726acab56b1d218e76afa37d92d45123a6812fbdd525b3fb8a7d7279accdeec9a86a0bab3f4183c",
            "directory_permission": "0777",
            "file_permission": "0777",
            "filename": "output.txt",
            "id": "ebf57bd5668c12b97d197eefe65631f554664877",
            "sensitive_content": null,
            "source": null
          },
          "sensitive_attributes": []
        }
      ]
    }
  ],
  "check_results": null
}
