{
  "version": 4,
  "terraform_version": "1.5.6",
  "serial": 7,
  "lineage": "cb0e1e1f-755c-ba8e-ba6e-0603728613a4",
  "outputs": {},
  "resources": [
    {
      "mode": "managed",
      "type": "local_file",
      "name": "assignment",
      "provider": "provider[\"registry.terraform.io/hashicorp/local\"]",
      "instances": [
        {
          "schema_version": 0,
          "attributes": {
            "content": "Variable 1: 1\nVariable 2: 2\nVariable 3: true",
            "content_base64": null,
            "content_base64sha256": "gZUz9gfGRXPlWrtMKFhRFMQAukFWQGhWn7VUCcR1piE=",
            "content_base64sha512": "2N/Og1klKVT6HyB7LtL6QZ1GMe/tLpm0hwIOEd9bFLQ6CMKhDaupIuOnZrq8oNw1zb06rAOta98AE0CvOT+t9g==",
            "content_md5": "0c5f23ef43bb03918a3a7523e4e9b6eb",
            "content_sha1": "9dbdaeac8c32ee439c7b4649c6c3d9a9c852f037",
            "content_sha256": "819533f607c64573e55abb4c28585114c400ba41564068569fb55409c475a621",
            "content_sha512": "d8dfce8359252954fa1f207b2ed2fa419d4631efed2e99b487020e11df5b14b43a08c2a10daba922e3a766babca0dc35cdbd3aac03ad6bdf001340af393fadf6",
            "directory_permission": "0777",
            "file_permission": "0777",
            "filename": "output.txt",
            "id": "9dbdaeac8c32ee439c7b4649c6c3d9a9c852f037",
            "sensitive_content": null,
            "source": null
          },
          "sensitive_attributes": []
        }
      ]
    }
  ],
  "check_results": null
}
